
Microsoft Visual Studio Solution File, Format Version 12.00
# Visual Studio Version 18
VisualStudioVersion = 18.0.11121.172 d18.0
MinimumVisualStudioVersion = 10.0.40219.1
Project("{FAE04EC0-301F-11D3-BF4B-00C04F79EFBC}") = "REPO_TUT", "REPO_TUT.csproj", "{72324D7D-A31B-49D8-B512-69CB2CBF1775}"
EndProject
Global
	GlobalSection(SolutionConfigurationPlatforms) = preSolution
		Debug|Any CPU = Debug|Any CPU
		Release|Any CPU = Release|Any CPU
	EndGlobalSection
	GlobalSection(ProjectConfigurationPlatforms) = postSolution
		{72324D7D-A31B-49D8-B512-69CB2CBF1775}.Debug|Any CPU.ActiveCfg = Debug|Any CPU
		{72324D7D-A31B-49D8-B512-69CB2CBF1775}.Debug|Any CPU.Build.0 = Debug|Any CPU
		{72324D7D-A31B-49D8-B512-69CB2CBF1775}.Release|Any CPU.ActiveCfg = Release|Any CPU
		{72324D7D-A31B-49D8-B512-69CB2CBF1775}.Release|Any CPU.Build.0 = Release|Any CPU
	EndGlobalSection
	GlobalSection(SolutionProperties) = preSolution
		HideSolutionNode = FALSE
	EndGlobalSection
	GlobalSection(ExtensibilityGlobals) = postSolution
		SolutionGuid = {197E42A5-8C21-4590-A158-7E889D0AF359}
	EndGlobalSection
EndGlobal
